// !$*UTF8*$!
{
	archiveVersion = 1;
	classes = {
	};
	objectVersion = 52;
	objects = {

/* Begin PBXBuildFile section */
		AD721F9A257CED95003F74C3 /* AppDelegate.swift in Sources */ = {isa = PBXBuildFile; fileRef = AD721F99257CED95003F74C3 /* AppDelegate.swift */; };
		AD721F9C257CED95003F74C3 /* SceneDelegate.swift in Sources */ = {isa = PBXBuildFile; fileRef = AD721F9B257CED95003F74C3 /* SceneDelegate.swift */; };
		AD721F9E257CED95003F74C3 /* ViewController.swift in Sources */ = {isa = PBXBuildFile; fileRef = AD721F9D257CED95003F74C3 /* ViewController.swift */; };
		AD721FA1257CED95003F74C3 /* Main.storyboard in Resources */ = {isa = PBXBuildFile; fileRef = AD721F9F257CED95003F74C3 /* Main.storyboard */; };
		AD721FA3257CED98003F74C3 /* Assets.xcassets in Resources */ = {isa = PBXBuildFile; fileRef = AD721FA2257CED98003F74C3 /* Assets.xcassets */; };
		AD721FA6257CED98003F74C3 /* LaunchScreen.storyboard in Resources */ = {isa = PBXBuildFile; fileRef = AD721FA4257CED98003F74C3 /* LaunchScreen.storyboard */; };
		AD721FB7257CEF14003F74C3 /* AMLStarterKit in Frameworks */ = {isa = PBXBuildFile; productRef = AD721FB6257CEF14003F74C3 /* AMLStarterKit */; };
/* End PBXBuildFile section */

/* Begin PBXFileReference section */
		AD721F96257CED95003F74C3 /* One4Test.app */ = {isa = PBXFileReference; explicitFileType = wrapper.application; includeInIndex = 0; path = One4Test.app; sourceTree = BUILT_PRODUCTS_DIR; };
		AD721F99257CED95003F74C3 /* AppDelegate.swift */ = {isa = PBXFileReference; lastKnownFileType = sourcecode.swift; path = AppDelegate.swift; sourceTree = "<group>"; };
		AD721F9B257CED95003F74C3 /* SceneDelegate.swift */ = {isa = PBXFileReference; lastKnownFileType = sourcecode.swift; path = SceneDelegate.swift; sourceTree = "<group>"; };
		AD721F9D257CED95003F74C3 /* ViewController.swift */ = {isa = PBXFileReference; lastKnownFileType = sourcecode.swift; path = ViewController.swift; sourceTree = "<group>"; };
		AD721FA0257CED95003F74C3 /* Base */ = {isa = PBXFileReference; lastKnownFileType = file.storyboard; name = Base; path = Base.lproj/Main.storyboard; sourceTree = "<group>"; };
		AD721FA2257CED98003F74C3 /* Assets.xcassets */ = {isa = PBXFileReference; lastKnownFileType = folder.assetcatalog; path = Assets.xcassets; sourceTree = "<group>"; };
		AD721FA5257CED98003F74C3 /* Base */ = {isa = PBXFileReference; lastKnownFileType = file.storyboard; name = Base; path = Base.lproj/LaunchScreen.storyboard; sourceTree = "<group>"; };
		AD721FA7257CED98003F74C3 /* Info.plist */ = {isa = PBXFileReference; lastKnownFileType = text.plist.xml; path = Info.plist; sourceTree = "<group>"; };
/* End PBXFileReference section */

/* Begin PBXFrameworksBuildPhase section */
		AD721F93257CED95003F74C3 /* Frameworks */ = {
			isa = PBXFrameworksBuildPhase;
			buildActionMask = 2147483647;
			files = (
				AD721FB7257CEF14003F74C3 /* AMLStarterKit in Frameworks */,
			);
			runOnlyForDeploymentPostprocessing = 0;
		};
/* End PBXFrameworksBuildPhase section */

/* Begin PBXGroup section */
		AD721F8D257CED95003F74C3 = {
			isa = PBXGroup;
			children = (
				AD721F98257CED95003F74C3 /* One4Test */,
				AD721F97257CED95003F74C3 /* Products */,
			);
			sourceTree = "<group>";
		};
		AD721F97257CED95003F74C3 /* Products */ = {
			isa = PBXGroup;
			children = (
				AD721F96257CED95003F74C3 /* One4Test.app */,
			);
			name = Products;
			sourceTree = "<group>";
		};
		AD721F98257CED95003F74C3 /* One4Test */ = {
			isa = PBXGroup;
			children = (
				AD721FAE257CEE75003F74C3 /* Classes */,
				AD721FB2257CEE83003F74C3 /* Resources */,
				AD721FA7257CED98003F74C3 /* Info.plist */,
			);
			path = One4Test;
			sourceTree = "<group>";
		};
		AD721FAE257CEE75003F74C3 /* Classes */ = {
			isa = PBXGroup;
			children = (
				AD721F99257CED95003F74C3 /* AppDelegate.swift */,
				AD721F9B257CED95003F74C3 /* SceneDelegate.swift */,
				AD721FB0257CEE7A003F74C3 /* Controllers */,
			);
			path = Classes;
			sourceTree = "<group>";
		};
		AD721FB0257CEE7A003F74C3 /* Controllers */ = {
			isa = PBXGroup;
			children = (
				AD721F9D257CED95003F74C3 /* ViewController.swift */,
			);
			path = Controllers;
			sourceTree = "<group>";
		};
		AD721FB2257CEE83003F74C3 /* Resources */ = {
			isa = PBXGroup;
			children = (
				AD721FB3257CEE8A003F74C3 /* Storyboards */,
				AD721FB4257CEE90003F74C3 /* Assets */,
			);
			path = Resources;
			sourceTree = "<group>";
		};
		AD721FB3257CEE8A003F74C3 /* Storyboards */ = {
			isa = PBXGroup;
			children = (
				AD721FA4257CED98003F74C3 /* LaunchScreen.storyboard */,
				AD721F9F257CED95003F74C3 /* Main.storyboard */,
			);
			path = Storyboards;
			sourceTree = "<group>";
		};
		AD721FB4257CEE90003F74C3 /* Assets */ = {
			isa = PBXGroup;
			children = (
				AD721FA2257CED98003F74C3 /* Assets.xcassets */,
			);
			path = Assets;
			sourceTree = "<group>";
		};
/* End PBXGroup section */

/* Begin PBXNativeTarget section */
		AD721F95257CED95003F74C3 /* One4Test */ = {
			isa = PBXNativeTarget;
			buildConfigurationList = AD721FAA257CED98003F74C3 /* Build configuration list for PBXNativeTarget "One4Test" */;
			buildPhases = (
				AD721F92257CED95003F74C3 /* Sources */,
				AD721F93257CED95003F74C3 /* Frameworks */,
				AD721F94257CED95003F74C3 /* Resources */,
			);
			buildRules = (
			);
			dependencies = (
			);
			name = One4Test;
			packageProductDependencies = (
				AD721FB6257CEF14003F74C3 /* AMLStarterKit */,
			);
			productName = One4Test;
			productReference = AD721F96257CED95003F74C3 /* One4Test.app */;
			productType = "com.apple.product-type.application";
		};
/* End PBXNativeTarget section */

/* Begin PBXProject section */
		AD721F8E257CED95003F74C3 /* Project object */ = {
			isa = PBXProject;
			attributes = {
				LastSwiftUpdateCheck = 1220;
				LastUpgradeCheck = 1220;
				TargetAttributes = {
					AD721F95257CED95003F74C3 = {
						CreatedOnToolsVersion = 12.2;
					};
				};
			};
			buildConfigurationList = AD721F91257CED95003F74C3 /* Build configuration list for PBXProject "One4Test" */;
			compatibilityVersion = "Xcode 9.3";
			developmentRegion = en;
			hasScannedForEncodings = 0;
			knownRegions = (
				en,
				Base,
			);
			mainGroup = AD721F8D257CED95003F74C3;
			packageReferences = (
				AD721FB5257CEF14003F74C3 /* XCRemoteSwiftPackageReference "AMLStarterKit" */,
			);
			productRefGroup = AD721F97257CED95003F74C3 /* Products */;
			projectDirPath = "";
			projectRoot = "";
			targets = (
				AD721F95257CED95003F74C3 /* One4Test */,
			);
		};
/* End PBXProject section */

/* Begin PBXResourcesBuildPhase section */
		AD721F94257CED95003F74C3 /* Resources */ = {
			isa = PBXResourcesBuildPhase;
			buildActionMask = 2147483647;
			files = (
				AD721FA6257CED98003F74C3 /* LaunchScreen.storyboard in Resources */,
				AD721FA3257CED98003F74C3 /* Assets.xcassets in Resources */,
				AD721FA1257CED95003F74C3 /* Main.storyboard in Resources */,
			);
			runOnlyForDeploymentPostprocessing = 0;
		};
/* End PBXResourcesBuildPhase section */

/* Begin PBXSourcesBuildPhase section */
		AD721F92257CED95003F74C3 /* Sources */ = {
			isa = PBXSourcesBuildPhase;
			buildActionMask = 2147483647;
			files = (
				AD721F9E257CED95003F74C3 /* ViewController.swift in Sources */,
				AD721F9A257CED95003F74C3 /* AppDelegate.swift in Sources */,
				AD721F9C257CED95003F74C3 /* SceneDelegate.swift in Sources */,
			);
			runOnlyForDeploymentPostprocessing = 0;
		};
/* End PBXSourcesBuildPhase section */

/* Begin PBXVariantGroup section */
		AD721F9F257CED95003F74C3 /* Main.storyboard */ = {
			isa = PBXVariantGroup;
			children = (
				AD721FA0257CED95003F74C3 /* Base */,
			);
			name = Main.storyboard;
			sourceTree = "<group>";
		};
		AD721FA4257CED98003F74C3 /* LaunchScreen.storyboard */ = {
			isa = PBXVariantGroup;
			children = (
				AD721FA5257CED98003F74C3 /* Base */,
			);
			name = LaunchScreen.storyboard;
			sourceTree = "<group>";
		};
/* End PBXVariantGroup section */

/* Begin XCBuildConfiguration section */
		AD721FA8257CED98003F74C3 /* Debug */ = {
			isa = XCBuildConfiguration;
			buildSettings = {
				ALWAYS_SEARCH_USER_PATHS = NO;
				CLANG_ANALYZER_NONNULL = YES;
				CLANG_ANALYZER_NUMBER_OBJECT_CONVERSION = YES_AGGRESSIVE;
				CLANG_CXX_LANGUAGE_STANDARD = "gnu++14";
				CLANG_CXX_LIBRARY = "libc++";
				CLANG_ENABLE_MODULES = YES;
				CLANG_ENABLE_OBJC_ARC = YES;
				CLANG_ENABLE_OBJC_WEAK = YES;
				CLANG_WARN_BLOCK_CAPTURE_AUTORELEASING = YES;
				CLANG_WARN_BOOL_CONVERSION = YES;
				CLANG_WARN_COMMA = YES;
				CLANG_WARN_CONSTANT_CONVERSION = YES;
				CLANG_WARN_DEPRECATED_OBJC_IMPLEMENTATIONS = YES;
				CLANG_WARN_DIRECT_OBJC_ISA_USAGE = YES_ERROR;
				CLANG_WARN_DOCUMENTATION_COMMENTS = YES;
				CLANG_WARN_EMPTY_BODY = YES;
				CLANG_WARN_ENUM_CONVERSION = YES;
				CLANG_WARN_INFINITE_RECURSION = YES;
				CLANG_WARN_INT_CONVERSION = YES;
				CLANG_WARN_NON_LITERAL_NULL_CONVERSION = YES;
				CLANG_WARN_OBJC_IMPLICIT_RETAIN_SELF = YES;
				CLANG_WARN_OBJC_LITERAL_CONVERSION = YES;
				CLANG_WARN_OBJC_ROOT_CLASS = YES_ERROR;
				CLANG_WARN_QUOTED_INCLUDE_IN_FRAMEWORK_HEADER = YES;
				CLANG_WARN_RANGE_LOOP_ANALYSIS = YES;
				CLANG_WARN_STRICT_PROTOTYPES = YES;
				CLANG_WARN_SUSPICIOUS_MOVE = YES;
				CLANG_WARN_UNGUARDED_AVAILABILITY = YES_AGGRESSIVE;
				CLANG_WARN_UNREACHABLE_CODE = YES;
				CLANG_WARN__DUPLICATE_METHOD_MATCH = YES;
				COPY_PHASE_STRIP = NO;
				DEBUG_INFORMATION_FORMAT = dwarf;
				ENABLE_STRICT_OBJC_MSGSEND = YES;
				ENABLE_TESTABILITY = YES;
				GCC_C_LANGUAGE_STANDARD = gnu11;
				GCC_DYNAMIC_NO_PIC = NO;
				GCC_NO_COMMON_BLOCKS = YES;
				GCC_OPTIMIZATION_LEVEL = 0;
				GCC_PREPROCESSOR_DEFINITIONS = (
					"DEBUG=1",
					"$(inherited)",
				);
				GCC_WARN_64_TO_32_BIT_CONVERSION = YES;
				GCC_WARN_ABOUT_RETURN_TYPE = YES_ERROR;
				GCC_WARN_UNDECLARED_SELECTOR = YES;
				GCC_WARN_UNINITIALIZED_AUTOS = YES_AGGRESSIVE;
				GCC_WARN_UNUSED_FUNCTION = YES;
				GCC_WARN_UNUSED_VARIABLE = YES;
				IPHONEOS_DEPLOYMENT_TARGET = 14.2;
				MTL_ENABLE_DEBUG_INFO = INCLUDE_SOURCE;
				MTL_FAST_MATH = YES;
				ONLY_ACTIVE_ARCH = YES;
				SDKROOT = iphoneos;
				SWIFT_ACTIVE_COMPILATION_CONDITIONS = DEBUG;
				SWIFT_OPTIMIZATION_LEVEL = "-Onone";
			};
			name = Debug;
		};
		AD721FA9257CED98003F74C3 /* Release */ = {
			isa = XCBuildConfiguration;
			buildSettings = {
				ALWAYS_SEARCH_USER_PATHS = NO;
				CLANG_ANALYZER_NONNULL = YES;
				CLANG_ANALYZER_NUMBER_OBJECT_CONVERSION = YES_AGGRESSIVE;
				CLANG_CXX_LANGUAGE_STANDARD = "gnu++14";
				CLANG_CXX_LIBRARY = "libc++";
				CLANG_ENABLE_MODULES = YES;
				CLANG_ENABLE_OBJC_ARC = YES;
				CLANG_ENABLE_OBJC_WEAK = YES;
				CLANG_WARN_BLOCK_CAPTURE_AUTORELEASING = YES;
				CLANG_WARN_BOOL_CONVERSION = YES;
				CLANG_WARN_COMMA = YES;
				CLANG_WARN_CONSTANT_CONVERSION = YES;
				CLANG_WARN_DEPRECATED_OBJC_IMPLEMENTATIONS = YES;
				CLANG_WARN_DIRECT_OBJC_ISA_USAGE = YES_ERROR;
				CLANG_WARN_DOCUMENTATION_COMMENTS = YES;
				CLANG_WARN_EMPTY_BODY = YES;
				CLANG_WARN_ENUM_CONVERSION = YES;
				CLANG_WARN_INFINITE_RECURSION = YES;
				CLANG_WARN_INT_CONVERSION = YES;
				CLANG_WARN_NON_LITERAL_NULL_CONVERSION = YES;
				CLANG_WARN_OBJC_IMPLICIT_RETAIN_SELF = YES;
				CLANG_WARN_OBJC_LITERAL_CONVERSION = YES;
				CLANG_WARN_OBJC_ROOT_CLASS = YES_ERROR;
				CLANG_WARN_QUOTED_INCLUDE_IN_FRAMEWORK_HEADER = YES;
				CLANG_WARN_RANGE_LOOP_ANALYSIS = YES;
				CLANG_WARN_STRICT_PROTOTYPES = YES;
				CLANG_WARN_SUSPICIOUS_MOVE = YES;
				CLANG_WARN_UNGUARDED_AVAILABILITY = YES_AGGRESSIVE;
				CLANG_WARN_UNREACHABLE_CODE = YES;
				CLANG_WARN__DUPLICATE_METHOD_MATCH = YES;
				COPY_PHASE_STRIP = NO;
				DEBUG_INFORMATION_FORMAT = "dwarf-with-dsym";
				ENABLE_NS_ASSERTIONS = NO;
				ENABLE_STRICT_OBJC_MSGSEND = YES;
				GCC_C_LANGUAGE_STANDARD = gnu11;
				GCC_NO_COMMON_BLOCKS = YES;
				GCC_WARN_64_TO_32_BIT_CONVERSION = YES;
				GCC_WARN_ABOUT_RETURN_TYPE = YES_ERROR;
				GCC_WARN_UNDECLARED_SELECTOR = YES;
				GCC_WARN_UNINITIALIZED_AUTOS = YES_AGGRESSIVE;
				GCC_WARN_UNUSED_FUNCTION = YES;
				GCC_WARN_UNUSED_VARIABLE = YES;
				IPHONEOS_DEPLOYMENT_TARGET = 14.2;
				MTL_ENABLE_DEBUG_INFO = NO;
				MTL_FAST_MATH = YES;
				SDKROOT = iphoneos;
				SWIFT_COMPILATION_MODE = wholemodule;
				SWIFT_OPTIMIZATION_LEVEL = "-O";
				VALIDATE_PRODUCT = YES;
			};
			name = Release;
		};
		AD721FAB257CED98003F74C3 /* Debug */ = {
			isa = XCBuildConfiguration;
			buildSettings = {
				ASSETCATALOG_COMPILER_APPICON_NAME = AppIcon;
				ASSETCATALOG_COMPILER_GLOBAL_ACCENT_COLOR_NAME = AccentColor;
				CODE_SIGN_STYLE = Automatic;
				DEVELOPMENT_TEAM = EZ9L78NW47;
				INFOPLIST_FILE = One4Test/Info.plist;
				LD_RUNPATH_SEARCH_PATHS = (
					"$(inherited)",
					"@executable_path/Frameworks",
				);
				PRODUCT_BUNDLE_IDENTIFIER = com.andrealufino.One4Test;
				PRODUCT_NAME = "$(TARGET_NAME)";
				SWIFT_VERSION = 5.0;
				TARGETED_DEVICE_FAMILY = "1,2";
			};
			name = Debug;
		};
		AD721FAC257CED98003F74C3 /* Release */ = {
			isa = XCBuildConfiguration;
			buildSettings = {
				ASSETCATALOG_COMPILER_APPICON_NAME = AppIcon;
				ASSETCATALOG_COMPILER_GLOBAL_ACCENT_COLOR_NAME = AccentColor;
				CODE_SIGN_STYLE = Automatic;
				DEVELOPMENT_TEAM = EZ9L78NW47;
				INFOPLIST_FILE = One4Test/Info.plist;
				LD_RUNPATH_SEARCH_PATHS = (
					"$(inherited)",
					"@executable_path/Frameworks",
				);
				PRODUCT_BUNDLE_IDENTIFIER = com.andrealufino.One4Test;
				PRODUCT_NAME = "$(TARGET_NAME)";
				SWIFT_VERSION = 5.0;
				TARGETED_DEVICE_FAMILY = "1,2";
			};
			name = Release;
		};
/* End XCBuildConfiguration section */

/* Begin XCConfigurationList section */
		AD721F91257CED95003F74C3 /* Build configuration list for PBXProject "One4Test" */ = {
			isa = XCConfigurationList;
			buildConfigurations = (
				AD721FA8257CED98003F74C3 /* Debug */,
				AD721FA9257CED98003F74C3 /* Release */,
			);
			defaultConfigurationIsVisible = 0;
			defaultConfigurationName = Release;
		};
		AD721FAA257CED98003F74C3 /* Build configuration list for PBXNativeTarget "One4Test" */ = {
			isa = XCConfigurationList;
			buildConfigurations = (
				AD721FAB257CED98003F74C3 /* Debug */,
				AD721FAC257CED98003F74C3 /* Release */,
			);
			defaultConfigurationIsVisible = 0;
			defaultConfigurationName = Release;
		};
/* End XCConfigurationList section */

/* Begin XCRemoteSwiftPackageReference section */
		AD721FB5257CEF14003F74C3 /* XCRemoteSwiftPackageReference "AMLStarterKit" */ = {
			isa = XCRemoteSwiftPackageReference;
			repositoryURL = "https://github.com/andrealufino/AMLStarterKit";
			requirement = {
				branch = main;
				kind = branch;
			};
		};
/* End XCRemoteSwiftPackageReference section */

/* Begin XCSwiftPackageProductDependency section */
		AD721FB6257CEF14003F74C3 /* AMLStarterKit */ = {
			isa = XCSwiftPackageProductDependency;
			package = AD721FB5257CEF14003F74C3 /* XCRemoteSwiftPackageReference "AMLStarterKit" */;
			productName = AMLStarterKit;
		};
/* End XCSwiftPackageProductDependency section */
	};
	rootObject = AD721F8E257CED95003F74C3 /* Project object */;
}
